
Microsoft Visual Studio Solution File, Format Version 12.00
# Visual Studio Version 17
VisualStudioVersion = 17.14.37012.4 d17.14
MinimumVisualStudioVersion = 10.0.40219.1
Project("{FAE04EC0-301F-11D3-BF4B-00C04F79EFBC}") = "QRAttendance.API", "QRAttendance.API\QRAttendance.API.csproj", "{53344476-807A-496D-A9D7-83D6BA5647BA}"
EndProject
Global
	GlobalSection(SolutionConfigurationPlatforms) = preSolution
		Debug|Any CPU = Debug|Any CPU
		Release|Any CPU = Release|Any CPU
	EndGlobalSection
	GlobalSection(ProjectConfigurationPlatforms) = postSolution
		{53344476-807A-496D-A9D7-83D6BA5647BA}.Debug|Any CPU.ActiveCfg = Debug|Any CPU
		{53344476-807A-496D-A9D7-83D6BA5647BA}.Debug|Any CPU.Build.0 = Debug|Any CPU
		{53344476-807A-496D-A9D7-83D6BA5647BA}.Release|Any CPU.ActiveCfg = Release|Any CPU
		{53344476-807A-496D-A9D7-83D6BA5647BA}.Release|Any CPU.Build.0 = Release|Any CPU
	EndGlobalSection
	GlobalSection(SolutionProperties) = preSolution
		HideSolutionNode = FALSE
	EndGlobalSection
	GlobalSection(ExtensibilityGlobals) = postSolution
		SolutionGuid = {738BA547-8922-4F32-B634-612E4777189E}
	EndGlobalSection
EndGlobal
